
Microsoft Visual Studio Solution File, Format Version 12.00
# Visual Studio Version 16
VisualStudioVersion = 16.0.30503.244
MinimumVisualStudioVersion = 10.0.40219.1
Project("{FAE04EC0-301F-11D3-BF4B-00C04F79EFBC}") = "Inventory", "Inventory\Inventory.csproj", "{C1F645CF-74B5-4556-864B-50A17CB44717}"
EndProject
Global
	GlobalSection(SolutionConfigurationPlatforms) = preSolution
		Debug|Any CPU = Debug|Any CPU
		Release|Any CPU = Release|Any CPU
	EndGlobalSection
	GlobalSection(ProjectConfigurationPlatforms) = postSolution
		{C1F645CF-74B5-4556-864B-50A17CB44717}.Debug|Any CPU.ActiveCfg = Debug|Any CPU
		{C1F645CF-74B5-4556-864B-50A17CB44717}.Debug|Any CPU.Build.0 = Debug|Any CPU
		{C1F645CF-74B5-4556-864B-50A17CB44717}.Release|Any CPU.ActiveCfg = Release|Any CPU
		{C1F645CF-74B5-4556-864B-50A17CB44717}.Release|Any CPU.Build.0 = Release|Any CPU
	EndGlobalSection
	GlobalSection(SolutionProperties) = preSolution
		HideSolutionNode = FALSE
	EndGlobalSection
	GlobalSection(ExtensibilityGlobals) = postSolution
		SolutionGuid = {5F14D5A6-3C6F-44AD-B18C-65670659F0D3}
	EndGlobalSection
EndGlobal
